
Microsoft Visual Studio Solution File, Format Version 12.00
# Visual Studio 15
VisualStudioVersion = 15.0.27428.2027
MinimumVisualStudioVersion = 10.0.40219.1
Project("{2150E333-8FDC-42A3-9474-1A3956D46DE8}") = "Solution Items", "Solution Items", "{EDC7E1AC-DAA9-41C9-8BEF-78F4002F06DB}"
	ProjectSection(SolutionItems) = preProject
		..\PhoneForensics\CommonDef.h = ..\PhoneForensics\CommonDef.h
	EndProjectSection
EndProject
Project("{8BC9CEB8-8B4A-11D0-8D11-00A0C91BC942}") = "libcnary", "libcnary\libcnary.vcxproj", "{2AD8B579-0C9D-4B61-9126-8A0E82610544}"
EndProject
Project("{8BC9CEB8-8B4A-11D0-8D11-00A0C91BC942}") = "libplist", "libplist\libplist.vcxproj", "{246B7C1F-A72A-4142-B1BA-41FAE844D090}"
EndProject
Project("{8BC9CEB8-8B4A-11D0-8D11-00A0C91BC942}") = "libusbmuxd", "libusbmuxd\libusbmuxd.vcxproj", "{99A01A0A-D586-4E1C-9FF6-B61C89D36EE5}"
EndProject
Project("{8BC9CEB8-8B4A-11D0-8D11-00A0C91BC942}") = "libgen", "libgen\libgen.vcxproj", "{D2B744D7-5A80-4A7D-8E15-DB0F0E43F1E9}"
EndProject
Project("{8BC9CEB8-8B4A-11D0-8D11-00A0C91BC942}") = "libimobiledevice", "libimobiledevice\libimobiledevice.vcxproj", "{FC7ED0E1-8D31-41A5-8BF9-99060975BBA3}"
EndProject
Global
	GlobalSection(SolutionConfigurationPlatforms) = preSolution
		Debug|Win32 = Debug|Win32
		Release|Win32 = Release|Win32
	EndGlobalSection
	GlobalSection(ProjectConfigurationPlatforms) = postSolution
		{2AD8B579-0C9D-4B61-9126-8A0E82610544}.Debug|Win32.ActiveCfg = Debug|Win32
		{2AD8B579-0C9D-4B61-9126-8A0E82610544}.Debug|Win32.Build.0 = Debug|Win32
		{2AD8B579-0C9D-4B61-9126-8A0E82610544}.Release|Win32.ActiveCfg = Release|Win32
		{2AD8B579-0C9D-4B61-9126-8A0E82610544}.Release|Win32.Build.0 = Release|Win32
		{246B7C1F-A72A-4142-B1BA-41FAE844D090}.Debug|Win32.ActiveCfg = Debug|Win32
		{246B7C1F-A72A-4142-B1BA-41FAE844D090}.Debug|Win32.Build.0 = Debug|Win32
		{246B7C1F-A72A-4142-B1BA-41FAE844D090}.Release|Win32.ActiveCfg = Release|Win32
		{246B7C1F-A72A-4142-B1BA-41FAE844D090}.Release|Win32.Build.0 = Release|Win32
		{99A01A0A-D586-4E1C-9FF6-B61C89D36EE5}.Debug|Win32.ActiveCfg = Debug|Win32
		{99A01A0A-D586-4E1C-9FF6-B61C89D36EE5}.Debug|Win32.Build.0 = Debug|Win32
		{99A01A0A-D586-4E1C-9FF6-B61C89D36EE5}.Release|Win32.ActiveCfg = Release|Win32
		{99A01A0A-D586-4E1C-9FF6-B61C89D36EE5}.Release|Win32.Build.0 = Release|Win32
		{D2B744D7-5A80-4A7D-8E15-DB0F0E43F1E9}.Debug|Win32.ActiveCfg = Debug|Win32
		{D2B744D7-5A80-4A7D-8E15-DB0F0E43F1E9}.Debug|Win32.Build.0 = Debug|Win32
		{D2B744D7-5A80-4A7D-8E15-DB0F0E43F1E9}.Release|Win32.ActiveCfg = Release|Win32
		{D2B744D7-5A80-4A7D-8E15-DB0F0E43F1E9}.Release|Win32.Build.0 = Release|Win32
		{FC7ED0E1-8D31-41A5-8BF9-99060975BBA3}.Debug|Win32.ActiveCfg = Debug|Win32
		{FC7ED0E1-8D31-41A5-8BF9-99060975BBA3}.Debug|Win32.Build.0 = Debug|Win32
		{FC7ED0E1-8D31-41A5-8BF9-99060975BBA3}.Release|Win32.ActiveCfg = Release|Win32
		{FC7ED0E1-8D31-41A5-8BF9-99060975BBA3}.Release|Win32.Build.0 = Release|Win32
	EndGlobalSection
	GlobalSection(SolutionProperties) = preSolution
		HideSolutionNode = FALSE
	EndGlobalSection
	GlobalSection(ExtensibilityGlobals) = postSolution
		SolutionGuid = {63816F4C-8749-45AB-8700-8236E4A3E383}
	EndGlobalSection
EndGlobal
